# THIS IS AN AUTOGENERATED FILE. DO NOT EDIT THIS FILE DIRECTLY.
# yarn lockfile v1


"assemblyscript-json@github:WebAssemblyOS/assemblyscript-json#near_dist":
  version "0.0.3"
  resolved "https://codeload.github.com/WebAssemblyOS/assemblyscript-json/tar.gz/55df056d95ec4142be58d4ad23040d1ca3b26859"

"bignum@github:MaxGraey/bignum.wasm":
  version "0.1.1"
  resolved "https://codeload.github.com/MaxGraey/bignum.wasm/tar.gz/bd8229e58f3975b450c9172b1496473b68437a6d"

"near-runtime-ts@github:nearprotocol/near-runtime-ts#staging":
  version "0.0.2"
  resolved "https://codeload.github.com/nearprotocol/near-runtime-ts/tar.gz/d672cd95eaf7158addd39744c6781cbc33724910"
